{
  "nodes": {
    "exon": {
      "inputs": {
        "hix": "hix_2"
      },
      "locked": {
        "lastModified": 1695070282,
        "narHash": "sha256-PNmTsnwEK4cBMNeSn52cQ7spWvdR4ngigiuh0D6zGPk=",
        "ref": "refs/heads/main",
        "rev": "c9bfe13e09c7bf9fd807789e1f66bd2880d81467",
        "revCount": 65,
        "type": "git",
        "url": "https://git.tryp.io/tek/exon"
      },
      "original": {
        "type": "git",
        "url": "https://git.tryp.io/tek/exon"
      }
    },
    "flake-utils": {
      "locked": {
        "lastModified": 1659877975,
        "narHash": "sha256-zllb8aq3YO3h8B/U0/J1WBgAL8EX5yWf5pMj3G0NAmc=",
        "owner": "numtide",
        "repo": "flake-utils",
        "rev": "c0e246b9b83f637f4681389ecabcb2681b4f3af0",
        "type": "github"
      },
      "original": {
        "owner": "numtide",
        "repo": "flake-utils",
        "type": "github"
      }
    },
    "flake-utils_2": {
      "locked": {
        "lastModified": 1659877975,
        "narHash": "sha256-zllb8aq3YO3h8B/U0/J1WBgAL8EX5yWf5pMj3G0NAmc=",
        "owner": "numtide",
        "repo": "flake-utils",
        "rev": "c0e246b9b83f637f4681389ecabcb2681b4f3af0",
        "type": "github"
      },
      "original": {
        "owner": "numtide",
        "repo": "flake-utils",
        "type": "github"
      }
    },
    "hix": {
      "inputs": {
        "nixpkgs": "nixpkgs",
        "thax": "thax"
      },
      "locked": {
        "lastModified": 1695738635,
        "narHash": "sha256-ohNqVLU6+fEmMUdsT3snd9Ap3rW68P232VXrTihRfdg=",
        "ref": "refs/heads/main",
        "rev": "7c012b3800929bdabc2ac12c1da734917ab7779a",
        "revCount": 573,
        "type": "git",
        "url": "https://git.tryp.io/tek/hix"
      },
      "original": {
        "type": "git",
        "url": "https://git.tryp.io/tek/hix"
      }
    },
    "hix_10": {
      "inputs": {
        "nixpkgs": "nixpkgs_10",
        "thax": "thax_10"
      },
      "locked": {
        "lastModified": 1695065405,
        "narHash": "sha256-7YZRGPaFM2coVYtVqnK4ug6/1kXTjwGaVSGgu09ZBsA=",
        "ref": "refs/heads/main",
        "rev": "bb0d49863a39b1c2fe7f2c21b05f246c21920862",
        "revCount": 550,
        "type": "git",
        "url": "https://git.tryp.io/tek/hix"
      },
      "original": {
        "type": "git",
        "url": "https://git.tryp.io/tek/hix"
      }
    },
    "hix_11": {
      "inputs": {
        "nixpkgs": "nixpkgs_11",
        "thax": "thax_11"
      },
      "locked": {
        "lastModified": 1695065405,
        "narHash": "sha256-7YZRGPaFM2coVYtVqnK4ug6/1kXTjwGaVSGgu09ZBsA=",
        "ref": "refs/heads/main",
        "rev": "bb0d49863a39b1c2fe7f2c21b05f246c21920862",
        "revCount": 550,
        "type": "git",
        "url": "https://git.tryp.io/tek/hix"
      },
      "original": {
        "type": "git",
        "url": "https://git.tryp.io/tek/hix"
      }
    },
    "hix_12": {
      "inputs": {
        "nixpkgs": "nixpkgs_12",
        "thax": "thax_12"
      },
      "locked": {
        "lastModified": 1695065405,
        "narHash": "sha256-7YZRGPaFM2coVYtVqnK4ug6/1kXTjwGaVSGgu09ZBsA=",
        "ref": "refs/heads/main",
        "rev": "bb0d49863a39b1c2fe7f2c21b05f246c21920862",
        "revCount": 550,
        "type": "git",
        "url": "https://git.tryp.io/tek/hix"
      },
      "original": {
        "type": "git",
        "url": "https://git.tryp.io/tek/hix"
      }
    },
    "hix_2": {
      "inputs": {
        "nixpkgs": "nixpkgs_2",
        "thax": "thax_2"
      },
      "locked": {
        "lastModified": 1695065405,
        "narHash": "sha256-7YZRGPaFM2coVYtVqnK4ug6/1kXTjwGaVSGgu09ZBsA=",
        "ref": "refs/heads/main",
        "rev": "bb0d49863a39b1c2fe7f2c21b05f246c21920862",
        "revCount": 550,
        "type": "git",
        "url": "https://git.tryp.io/tek/hix"
      },
      "original": {
        "type": "git",
        "url": "https://git.tryp.io/tek/hix"
      }
    },
    "hix_3": {
      "inputs": {
        "nixpkgs": "nixpkgs_3",
        "thax": "thax_3"
      },
      "locked": {
        "lastModified": 1695065405,
        "narHash": "sha256-7YZRGPaFM2coVYtVqnK4ug6/1kXTjwGaVSGgu09ZBsA=",
        "ref": "refs/heads/main",
        "rev": "bb0d49863a39b1c2fe7f2c21b05f246c21920862",
        "revCount": 550,
        "type": "git",
        "url": "https://git.tryp.io/tek/hix"
      },
      "original": {
        "type": "git",
        "url": "https://git.tryp.io/tek/hix"
      }
    },
    "hix_4": {
      "inputs": {
        "nixpkgs": "nixpkgs_4",
        "thax": "thax_4"
      },
      "locked": {
        "lastModified": 1695065405,
        "narHash": "sha256-7YZRGPaFM2coVYtVqnK4ug6/1kXTjwGaVSGgu09ZBsA=",
        "ref": "refs/heads/main",
        "rev": "bb0d49863a39b1c2fe7f2c21b05f246c21920862",
        "revCount": 550,
        "type": "git",
        "url": "https://git.tryp.io/tek/hix"
      },
      "original": {
        "type": "git",
        "url": "https://git.tryp.io/tek/hix"
      }
    },
    "hix_5": {
      "inputs": {
        "nixpkgs": "nixpkgs_5",
        "thax": "thax_5"
      },
      "locked": {
        "lastModified": 1695065405,
        "narHash": "sha256-7YZRGPaFM2coVYtVqnK4ug6/1kXTjwGaVSGgu09ZBsA=",
        "ref": "refs/heads/main",
        "rev": "bb0d49863a39b1c2fe7f2c21b05f246c21920862",
        "revCount": 550,
        "type": "git",
        "url": "https://git.tryp.io/tek/hix"
      },
      "original": {
        "type": "git",
        "url": "https://git.tryp.io/tek/hix"
      }
    },
    "hix_6": {
      "inputs": {
        "nixpkgs": "nixpkgs_6",
        "thax": "thax_6"
      },
      "locked": {
        "lastModified": 1695065405,
        "narHash": "sha256-7YZRGPaFM2coVYtVqnK4ug6/1kXTjwGaVSGgu09ZBsA=",
        "ref": "refs/heads/main",
        "rev": "bb0d49863a39b1c2fe7f2c21b05f246c21920862",
        "revCount": 550,
        "type": "git",
        "url": "https://git.tryp.io/tek/hix"
      },
      "original": {
        "type": "git",
        "url": "https://git.tryp.io/tek/hix"
      }
    },
    "hix_7": {
      "inputs": {
        "nixpkgs": "nixpkgs_7",
        "thax": "thax_7"
      },
      "locked": {
        "lastModified": 1695065405,
        "narHash": "sha256-7YZRGPaFM2coVYtVqnK4ug6/1kXTjwGaVSGgu09ZBsA=",
        "ref": "refs/heads/main",
        "rev": "bb0d49863a39b1c2fe7f2c21b05f246c21920862",
        "revCount": 550,
        "type": "git",
        "url": "https://git.tryp.io/tek/hix"
      },
      "original": {
        "type": "git",
        "url": "https://git.tryp.io/tek/hix"
      }
    },
    "hix_8": {
      "inputs": {
        "nixpkgs": "nixpkgs_8",
        "thax": "thax_8"
      },
      "locked": {
        "lastModified": 1695065405,
        "narHash": "sha256-7YZRGPaFM2coVYtVqnK4ug6/1kXTjwGaVSGgu09ZBsA=",
        "ref": "refs/heads/main",
        "rev": "bb0d49863a39b1c2fe7f2c21b05f246c21920862",
        "revCount": 550,
        "type": "git",
        "url": "https://git.tryp.io/tek/hix"
      },
      "original": {
        "type": "git",
        "url": "https://git.tryp.io/tek/hix"
      }
    },
    "hix_9": {
      "inputs": {
        "nixpkgs": "nixpkgs_9",
        "thax": "thax_9"
      },
      "locked": {
        "lastModified": 1695065405,
        "narHash": "sha256-7YZRGPaFM2coVYtVqnK4ug6/1kXTjwGaVSGgu09ZBsA=",
        "ref": "refs/heads/main",
        "rev": "bb0d49863a39b1c2fe7f2c21b05f246c21920862",
        "revCount": 550,
        "type": "git",
        "url": "https://git.tryp.io/tek/hix"
      },
      "original": {
        "type": "git",
        "url": "https://git.tryp.io/tek/hix"
      }
    },
    "incipit": {
      "inputs": {
        "hix": "hix_4",
        "polysemy-log": "polysemy-log"
      },
      "locked": {
        "lastModified": 1695478111,
        "narHash": "sha256-8Em1+VuI5OJlchUPsCkhtvuokcHADUa0f8p/cLKvpTM=",
        "ref": "ps2-vec",
        "rev": "307e18ce5eca9424f1f8cdde5e7af4461ed36ef4",
        "revCount": 68,
        "type": "git",
        "url": "https://git.tryp.io/tek/incipit"
      },
      "original": {
        "ref": "ps2-vec",
        "type": "git",
        "url": "https://git.tryp.io/tek/incipit"
      }
    },
    "incipit-core": {
      "inputs": {
        "hix": "hix_9",
        "polysemy": "polysemy"
      },
      "locked": {
        "lastModified": 1695477649,
        "narHash": "sha256-SB6SJSk3UVzCHVVTPjFh5mWZNw9XXrhVveex0td4G/s=",
        "ref": "ps2-vec",
        "rev": "c21ced9c3f066ff7863a147f6217086bb2327eb0",
        "revCount": 57,
        "type": "git",
        "url": "https://git.tryp.io/tek/incipit-core"
      },
      "original": {
        "ref": "ps2-vec",
        "type": "git",
        "url": "https://git.tryp.io/tek/incipit-core"
      }
    },
    "incipit-core_2": {
      "inputs": {
        "hix": "hix_12",
        "polysemy": "polysemy_2"
      },
      "locked": {
        "lastModified": 1695477649,
        "narHash": "sha256-SB6SJSk3UVzCHVVTPjFh5mWZNw9XXrhVveex0td4G/s=",
        "ref": "ps2-vec",
        "rev": "c21ced9c3f066ff7863a147f6217086bb2327eb0",
        "revCount": 57,
        "type": "git",
        "url": "https://git.tryp.io/tek/incipit-core"
      },
      "original": {
        "ref": "ps2-vec",
        "type": "git",
        "url": "https://git.tryp.io/tek/incipit-core"
      }
    },
    "nixpkgs": {
      "locked": {
        "lastModified": 1695318763,
        "narHash": "sha256-FHVPDRP2AfvsxAdc+AsgFJevMz5VBmnZglFUMlxBkcY=",
        "owner": "nixos",
        "repo": "nixpkgs",
        "rev": "e12483116b3b51a185a33a272bf351e357ba9a99",
        "type": "github"
      },
      "original": {
        "owner": "nixos",
        "repo": "nixpkgs",
        "rev": "e12483116b3b51a185a33a272bf351e357ba9a99",
        "type": "github"
      }
    },
    "nixpkgs_10": {
      "locked": {
        "lastModified": 1686582075,
        "narHash": "sha256-vtflsfKkHtF8IduxDNtbme4cojiqvlvjp5QNYhvoHXc=",
        "owner": "nixos",
        "repo": "nixpkgs",
        "rev": "7e63eed145566cca98158613f3700515b4009ce3",
        "type": "github"
      },
      "original": {
        "owner": "nixos",
        "repo": "nixpkgs",
        "rev": "7e63eed145566cca98158613f3700515b4009ce3",
        "type": "github"
      }
    },
    "nixpkgs_11": {
      "locked": {
        "lastModified": 1686582075,
        "narHash": "sha256-vtflsfKkHtF8IduxDNtbme4cojiqvlvjp5QNYhvoHXc=",
        "owner": "nixos",
        "repo": "nixpkgs",
        "rev": "7e63eed145566cca98158613f3700515b4009ce3",
        "type": "github"
      },
      "original": {
        "owner": "nixos",
        "repo": "nixpkgs",
        "rev": "7e63eed145566cca98158613f3700515b4009ce3",
        "type": "github"
      }
    },
    "nixpkgs_12": {
      "locked": {
        "lastModified": 1686582075,
        "narHash": "sha256-vtflsfKkHtF8IduxDNtbme4cojiqvlvjp5QNYhvoHXc=",
        "owner": "nixos",
        "repo": "nixpkgs",
        "rev": "7e63eed145566cca98158613f3700515b4009ce3",
        "type": "github"
      },
      "original": {
        "owner": "nixos",
        "repo": "nixpkgs",
        "rev": "7e63eed145566cca98158613f3700515b4009ce3",
        "type": "github"
      }
    },
    "nixpkgs_2": {
      "locked": {
        "lastModified": 1686582075,
        "narHash": "sha256-vtflsfKkHtF8IduxDNtbme4cojiqvlvjp5QNYhvoHXc=",
        "owner": "nixos",
        "repo": "nixpkgs",
        "rev": "7e63eed145566cca98158613f3700515b4009ce3",
        "type": "github"
      },
      "original": {
        "owner": "nixos",
        "repo": "nixpkgs",
        "rev": "7e63eed145566cca98158613f3700515b4009ce3",
        "type": "github"
      }
    },
    "nixpkgs_3": {
      "locked": {
        "lastModified": 1686582075,
        "narHash": "sha256-vtflsfKkHtF8IduxDNtbme4cojiqvlvjp5QNYhvoHXc=",
        "owner": "nixos",
        "repo": "nixpkgs",
        "rev": "7e63eed145566cca98158613f3700515b4009ce3",
        "type": "github"
      },
      "original": {
        "owner": "nixos",
        "repo": "nixpkgs",
        "rev": "7e63eed145566cca98158613f3700515b4009ce3",
        "type": "github"
      }
    },
    "nixpkgs_4": {
      "locked": {
        "lastModified": 1686582075,
        "narHash": "sha256-vtflsfKkHtF8IduxDNtbme4cojiqvlvjp5QNYhvoHXc=",
        "owner": "nixos",
        "repo": "nixpkgs",
        "rev": "7e63eed145566cca98158613f3700515b4009ce3",
        "type": "github"
      },
      "original": {
        "owner": "nixos",
        "repo": "nixpkgs",
        "rev": "7e63eed145566cca98158613f3700515b4009ce3",
        "type": "github"
      }
    },
    "nixpkgs_5": {
      "locked": {
        "lastModified": 1686582075,
        "narHash": "sha256-vtflsfKkHtF8IduxDNtbme4cojiqvlvjp5QNYhvoHXc=",
        "owner": "nixos",
        "repo": "nixpkgs",
        "rev": "7e63eed145566cca98158613f3700515b4009ce3",
        "type": "github"
      },
      "original": {
        "owner": "nixos",
        "repo": "nixpkgs",
        "rev": "7e63eed145566cca98158613f3700515b4009ce3",
        "type": "github"
      }
    },
    "nixpkgs_6": {
      "locked": {
        "lastModified": 1686582075,
        "narHash": "sha256-vtflsfKkHtF8IduxDNtbme4cojiqvlvjp5QNYhvoHXc=",
        "owner": "nixos",
        "repo": "nixpkgs",
        "rev": "7e63eed145566cca98158613f3700515b4009ce3",
        "type": "github"
      },
      "original": {
        "owner": "nixos",
        "repo": "nixpkgs",
        "rev": "7e63eed145566cca98158613f3700515b4009ce3",
        "type": "github"
      }
    },
    "nixpkgs_7": {
      "locked": {
        "lastModified": 1686582075,
        "narHash": "sha256-vtflsfKkHtF8IduxDNtbme4cojiqvlvjp5QNYhvoHXc=",
        "owner": "nixos",
        "repo": "nixpkgs",
        "rev": "7e63eed145566cca98158613f3700515b4009ce3",
        "type": "github"
      },
      "original": {
        "owner": "nixos",
        "repo": "nixpkgs",
        "rev": "7e63eed145566cca98158613f3700515b4009ce3",
        "type": "github"
      }
    },
    "nixpkgs_8": {
      "locked": {
        "lastModified": 1686582075,
        "narHash": "sha256-vtflsfKkHtF8IduxDNtbme4cojiqvlvjp5QNYhvoHXc=",
        "owner": "nixos",
        "repo": "nixpkgs",
        "rev": "7e63eed145566cca98158613f3700515b4009ce3",
        "type": "github"
      },
      "original": {
        "owner": "nixos",
        "repo": "nixpkgs",
        "rev": "7e63eed145566cca98158613f3700515b4009ce3",
        "type": "github"
      }
    },
    "nixpkgs_9": {
      "locked": {
        "lastModified": 1686582075,
        "narHash": "sha256-vtflsfKkHtF8IduxDNtbme4cojiqvlvjp5QNYhvoHXc=",
        "owner": "nixos",
        "repo": "nixpkgs",
        "rev": "7e63eed145566cca98158613f3700515b4009ce3",
        "type": "github"
      },
      "original": {
        "owner": "nixos",
        "repo": "nixpkgs",
        "rev": "7e63eed145566cca98158613f3700515b4009ce3",
        "type": "github"
      }
    },
    "polysemy": {
      "inputs": {
        "flake-utils": "flake-utils",
        "unstable": "unstable"
      },
      "locked": {
        "lastModified": 1695477555,
        "narHash": "sha256-ozNDj0HGDUgkgrz+WtDyoCMuQIvGEUgOV+ChGV9A8E4=",
        "ref": "metaorder-vect",
        "rev": "5c1e1926d378e279b448ac982a99db35f276a760",
        "revCount": 662,
        "type": "git",
        "url": "ssh://git@git.tryp.io/polysemy/polysemy"
      },
      "original": {
        "ref": "metaorder-vect",
        "type": "git",
        "url": "ssh://git@git.tryp.io/polysemy/polysemy"
      }
    },
    "polysemy-conc": {
      "inputs": {
        "hix": "hix_6",
        "polysemy-resume": "polysemy-resume",
        "polysemy-time": "polysemy-time"
      },
      "locked": {
        "lastModified": 1695478094,
        "narHash": "sha256-rkH1lPXLrtho1vuUxpr22VQA0JdjEYIIY7nOTghYilU=",
        "ref": "ps2-vec",
        "rev": "135d67293da1b067070395d4b8da21d4f8c7cb67",
        "revCount": 250,
        "type": "git",
        "url": "https://git.tryp.io/tek/polysemy-conc"
      },
      "original": {
        "ref": "ps2-vec",
        "type": "git",
        "url": "https://git.tryp.io/tek/polysemy-conc"
      }
    },
    "polysemy-log": {
      "inputs": {
        "hix": "hix_5",
        "polysemy-conc": "polysemy-conc"
      },
      "locked": {
        "lastModified": 1695478104,
        "narHash": "sha256-njJodoXTUEXZsaxOg7d9tEwFOn9YF3mEO/fiG2HFGM4=",
        "ref": "ps2-vec",
        "rev": "0d31ce475e3cddadfb8b0f8936951432a2719f7a",
        "revCount": 101,
        "type": "git",
        "url": "https://git.tryp.io/tek/polysemy-log"
      },
      "original": {
        "ref": "ps2-vec",
        "type": "git",
        "url": "https://git.tryp.io/tek/polysemy-log"
      }
    },
    "polysemy-resume": {
      "inputs": {
        "hix": "hix_7",
        "polysemy-test": "polysemy-test"
      },
      "locked": {
        "lastModified": 1695478050,
        "narHash": "sha256-vIDZhlOXZip/ikne7RkU87W9+TrIOCu1JxWDwL3Le6Q=",
        "ref": "ps2-vec",
        "rev": "c6c4f7364384c4aacbfccf0831a5e303f96117d6",
        "revCount": 80,
        "type": "git",
        "url": "https://git.tryp.io/tek/polysemy-resume"
      },
      "original": {
        "ref": "ps2-vec",
        "type": "git",
        "url": "https://git.tryp.io/tek/polysemy-resume"
      }
    },
    "polysemy-test": {
      "inputs": {
        "hix": "hix_8",
        "incipit-core": "incipit-core"
      },
      "locked": {
        "lastModified": 1695477667,
        "narHash": "sha256-FZZ3fNacAbtoAKWe5Mvp/xfuAd8Shfc2mnwu49ZC+70=",
        "ref": "ps2-vec",
        "rev": "402af66eb96a11cfcb1d0b96e3c0ece3a1cbee2e",
        "revCount": 116,
        "type": "git",
        "url": "https://git.tryp.io/tek/polysemy-test"
      },
      "original": {
        "ref": "ps2-vec",
        "type": "git",
        "url": "https://git.tryp.io/tek/polysemy-test"
      }
    },
    "polysemy-test_2": {
      "inputs": {
        "hix": "hix_11",
        "incipit-core": "incipit-core_2"
      },
      "locked": {
        "lastModified": 1695477667,
        "narHash": "sha256-FZZ3fNacAbtoAKWe5Mvp/xfuAd8Shfc2mnwu49ZC+70=",
        "ref": "ps2-vec",
        "rev": "402af66eb96a11cfcb1d0b96e3c0ece3a1cbee2e",
        "revCount": 116,
        "type": "git",
        "url": "https://git.tryp.io/tek/polysemy-test"
      },
      "original": {
        "ref": "ps2-vec",
        "type": "git",
        "url": "https://git.tryp.io/tek/polysemy-test"
      }
    },
    "polysemy-time": {
      "inputs": {
        "hix": "hix_10",
        "polysemy-test": "polysemy-test_2"
      },
      "locked": {
        "lastModified": 1695478081,
        "narHash": "sha256-5IlIru5uFpcqW0qrie6KDddr7baGtWobLH94ZrYGHZQ=",
        "ref": "ps2-vec",
        "rev": "767b2121bb464477eeee9e1680f8df2f592c9671",
        "revCount": 101,
        "type": "git",
        "url": "https://git.tryp.io/tek/polysemy-time"
      },
      "original": {
        "ref": "ps2-vec",
        "type": "git",
        "url": "https://git.tryp.io/tek/polysemy-time"
      }
    },
    "polysemy_2": {
      "inputs": {
        "flake-utils": "flake-utils_2",
        "unstable": "unstable_2"
      },
      "locked": {
        "lastModified": 1695477555,
        "narHash": "sha256-ozNDj0HGDUgkgrz+WtDyoCMuQIvGEUgOV+ChGV9A8E4=",
        "ref": "metaorder-vect",
        "rev": "5c1e1926d378e279b448ac982a99db35f276a760",
        "revCount": 662,
        "type": "git",
        "url": "ssh://git@git.tryp.io/polysemy/polysemy"
      },
      "original": {
        "ref": "metaorder-vect",
        "type": "git",
        "url": "ssh://git@git.tryp.io/polysemy/polysemy"
      }
    },
    "prelate": {
      "inputs": {
        "exon": "exon",
        "hix": "hix_3",
        "incipit": "incipit"
      },
      "locked": {
        "lastModified": 1695478120,
        "narHash": "sha256-osCK8Sxt2LjtXzZkPV2rvf4vYO28SbR07eYW2rXZ5So=",
        "ref": "ps2-vec",
        "rev": "18f794068572d6062cb9167b5170f2b392b2d641",
        "revCount": 42,
        "type": "git",
        "url": "https://git.tryp.io/tek/prelate"
      },
      "original": {
        "ref": "ps2-vec",
        "type": "git",
        "url": "https://git.tryp.io/tek/prelate"
      }
    },
    "root": {
      "inputs": {
        "hix": "hix",
        "prelate": "prelate"
      }
    },
    "thax": {
      "locked": {
        "lastModified": 1691091387,
        "narHash": "sha256-i1dc/XqsIQizZ09o2ltX10zhV/3LCc0ZUqsS7enyN+g=",
        "owner": "tek",
        "repo": "thax",
        "rev": "10fa7482d171739414fc0d829005b4055799e4c6",
        "type": "github"
      },
      "original": {
        "owner": "tek",
        "repo": "thax",
        "type": "github"
      }
    },
    "thax_10": {
      "locked": {
        "lastModified": 1691091387,
        "narHash": "sha256-i1dc/XqsIQizZ09o2ltX10zhV/3LCc0ZUqsS7enyN+g=",
        "owner": "tek",
        "repo": "thax",
        "rev": "10fa7482d171739414fc0d829005b4055799e4c6",
        "type": "github"
      },
      "original": {
        "owner": "tek",
        "repo": "thax",
        "type": "github"
      }
    },
    "thax_11": {
      "locked": {
        "lastModified": 1691091387,
        "narHash": "sha256-i1dc/XqsIQizZ09o2ltX10zhV/3LCc0ZUqsS7enyN+g=",
        "owner": "tek",
        "repo": "thax",
        "rev": "10fa7482d171739414fc0d829005b4055799e4c6",
        "type": "github"
      },
      "original": {
        "owner": "tek",
        "repo": "thax",
        "type": "github"
      }
    },
    "thax_12": {
      "locked": {
        "lastModified": 1691091387,
        "narHash": "sha256-i1dc/XqsIQizZ09o2ltX10zhV/3LCc0ZUqsS7enyN+g=",
        "owner": "tek",
        "repo": "thax",
        "rev": "10fa7482d171739414fc0d829005b4055799e4c6",
        "type": "github"
      },
      "original": {
        "owner": "tek",
        "repo": "thax",
        "type": "github"
      }
    },
    "thax_2": {
      "locked": {
        "lastModified": 1691091387,
        "narHash": "sha256-i1dc/XqsIQizZ09o2ltX10zhV/3LCc0ZUqsS7enyN+g=",
        "owner": "tek",
        "repo": "thax",
        "rev": "10fa7482d171739414fc0d829005b4055799e4c6",
        "type": "github"
      },
      "original": {
        "owner": "tek",
        "repo": "thax",
        "type": "github"
      }
    },
    "thax_3": {
      "locked": {
        "lastModified": 1691091387,
        "narHash": "sha256-i1dc/XqsIQizZ09o2ltX10zhV/3LCc0ZUqsS7enyN+g=",
        "owner": "tek",
        "repo": "thax",
        "rev": "10fa7482d171739414fc0d829005b4055799e4c6",
        "type": "github"
      },
      "original": {
        "owner": "tek",
        "repo": "thax",
        "type": "github"
      }
    },
    "thax_4": {
      "locked": {
        "lastModified": 1691091387,
        "narHash": "sha256-i1dc/XqsIQizZ09o2ltX10zhV/3LCc0ZUqsS7enyN+g=",
        "owner": "tek",
        "repo": "thax",
        "rev": "10fa7482d171739414fc0d829005b4055799e4c6",
        "type": "github"
      },
      "original": {
        "owner": "tek",
        "repo": "thax",
        "type": "github"
      }
    },
    "thax_5": {
      "locked": {
        "lastModified": 1691091387,
        "narHash": "sha256-i1dc/XqsIQizZ09o2ltX10zhV/3LCc0ZUqsS7enyN+g=",
        "owner": "tek",
        "repo": "thax",
        "rev": "10fa7482d171739414fc0d829005b4055799e4c6",
        "type": "github"
      },
      "original": {
        "owner": "tek",
        "repo": "thax",
        "type": "github"
      }
    },
    "thax_6": {
      "locked": {
        "lastModified": 1691091387,
        "narHash": "sha256-i1dc/XqsIQizZ09o2ltX10zhV/3LCc0ZUqsS7enyN+g=",
        "owner": "tek",
        "repo": "thax",
        "rev": "10fa7482d171739414fc0d829005b4055799e4c6",
        "type": "github"
      },
      "original": {
        "owner": "tek",
        "repo": "thax",
        "type": "github"
      }
    },
    "thax_7": {
      "locked": {
        "lastModified": 1691091387,
        "narHash": "sha256-i1dc/XqsIQizZ09o2ltX10zhV/3LCc0ZUqsS7enyN+g=",
        "owner": "tek",
        "repo": "thax",
        "rev": "10fa7482d171739414fc0d829005b4055799e4c6",
        "type": "github"
      },
      "original": {
        "owner": "tek",
        "repo": "thax",
        "type": "github"
      }
    },
    "thax_8": {
      "locked": {
        "lastModified": 1691091387,
        "narHash": "sha256-i1dc/XqsIQizZ09o2ltX10zhV/3LCc0ZUqsS7enyN+g=",
        "owner": "tek",
        "repo": "thax",
        "rev": "10fa7482d171739414fc0d829005b4055799e4c6",
        "type": "github"
      },
      "original": {
        "owner": "tek",
        "repo": "thax",
        "type": "github"
      }
    },
    "thax_9": {
      "locked": {
        "lastModified": 1691091387,
        "narHash": "sha256-i1dc/XqsIQizZ09o2ltX10zhV/3LCc0ZUqsS7enyN+g=",
        "owner": "tek",
        "repo": "thax",
        "rev": "10fa7482d171739414fc0d829005b4055799e4c6",
        "type": "github"
      },
      "original": {
        "owner": "tek",
        "repo": "thax",
        "type": "github"
      }
    },
    "unstable": {
      "locked": {
        "lastModified": 1672057183,
        "narHash": "sha256-GN7/10DNNvs1FPj9tlZA2qgNdFuYKKuS3qlHTqAxasQ=",
        "owner": "nixos",
        "repo": "nixpkgs",
        "rev": "b139e44d78c36c69bcbb825b20dbfa51e7738347",
        "type": "github"
      },
      "original": {
        "owner": "nixos",
        "ref": "nixpkgs-unstable",
        "repo": "nixpkgs",
        "type": "github"
      }
    },
    "unstable_2": {
      "locked": {
        "lastModified": 1672057183,
        "narHash": "sha256-GN7/10DNNvs1FPj9tlZA2qgNdFuYKKuS3qlHTqAxasQ=",
        "owner": "nixos",
        "repo": "nixpkgs",
        "rev": "b139e44d78c36c69bcbb825b20dbfa51e7738347",
        "type": "github"
      },
      "original": {
        "owner": "nixos",
        "ref": "nixpkgs-unstable",
        "repo": "nixpkgs",
        "type": "github"
      }
    }
  },
  "root": "root",
  "version": 7
}
