{
  "nodes": {
    "hix": {
      "inputs": {
        "nixpkgs": "nixpkgs"
      },
      "locked": {
        "lastModified": 1775292557,
        "narHash": "sha256-9VLppNxsj6RAIAsdujQdiFIQsWw+h+fDiT6E449QXvc=",
        "ref": "refs/heads/main",
        "rev": "62364c6889466f352ba0f5e1e56c76cca0b7bd4a",
        "revCount": 1117,
        "type": "git",
        "url": "https://git.tryp.io/tek/hix"
      },
      "original": {
        "type": "git",
        "url": "https://git.tryp.io/tek/hix"
      }
    },
    "nixpkgs": {
      "locked": {
        "lastModified": 1761880412,
        "narHash": "sha256-QoJjGd4NstnyOG4mm4KXF+weBzA2AH/7gn1Pmpfcb0A=",
        "owner": "nixos",
        "repo": "nixpkgs",
        "rev": "a7fc11be66bdfb5cdde611ee5ce381c183da8386",
        "type": "github"
      },
      "original": {
        "owner": "nixos",
        "ref": "nixpkgs-unstable",
        "repo": "nixpkgs",
        "type": "github"
      }
    },
    "root": {
      "inputs": {
        "hix": "hix"
      }
    }
  },
  "root": "root",
  "version": 7
}
